
Microsoft Visual Studio Solution File, Format Version 12.00
# Visual Studio Version 16
VisualStudioVersion = 16.0.31005.135
MinimumVisualStudioVersion = 10.0.40219.1
Project("{FAE04EC0-301F-11D3-BF4B-00C04F79EFBC}") = "ShutdownExecutor", "ShutdownExecutor\ShutdownExecutor.csproj", "{686087C3-D0F7-4197-9E74-D170486647AF}"
EndProject
Global
	GlobalSection(SolutionConfigurationPlatforms) = preSolution
		Debug|Any CPU = Debug|Any CPU
		Release|Any CPU = Release|Any CPU
	EndGlobalSection
	GlobalSection(ProjectConfigurationPlatforms) = postSolution
		{686087C3-D0F7-4197-9E74-D170486647AF}.Debug|Any CPU.ActiveCfg = Debug|Any CPU
		{686087C3-D0F7-4197-9E74-D170486647AF}.Debug|Any CPU.Build.0 = Debug|Any CPU
		{686087C3-D0F7-4197-9E74-D170486647AF}.Release|Any CPU.ActiveCfg = Release|Any CPU
		{686087C3-D0F7-4197-9E74-D170486647AF}.Release|Any CPU.Build.0 = Release|Any CPU
	EndGlobalSection
	GlobalSection(SolutionProperties) = preSolution
		HideSolutionNode = FALSE
	EndGlobalSection
	GlobalSection(ExtensibilityGlobals) = postSolution
		SolutionGuid = {070EC784-A649-4DD7-A6D7-2B4D65B76C12}
	EndGlobalSection
EndGlobal
